// !$*UTF8*$!
{
	archiveVersion = 1;
	classes = {
	};
	objectVersion = 46;
	objects = {

/* Begin PBXBuildFile section */
		820A720D174FBA23000BA60E /* TbCustomSegue.m in Sources */ = {isa = PBXBuildFile; fileRef = 820A720C174FBA22000BA60E /* TbCustomSegue.m */; };
		824655C618084C960018F7D5 /* InfoPlist.strings in Resources */ = {isa = PBXBuildFile; fileRef = 824655C518084C960018F7D5 /* InfoPlist.strings */; };
		824656A2180993D70018F7D5 /* MainStoryboard.storyboard in Resources */ = {isa = PBXBuildFile; fileRef = 824656A1180993D70018F7D5 /* MainStoryboard.storyboard */; };
		8282FD4217421C8100973852 /* UIKit.framework in Frameworks */ = {isa = PBXBuildFile; fileRef = 8282FD4117421C8100973852 /* UIKit.framework */; };
		8282FD4417421C8100973852 /* Foundation.framework in Frameworks */ = {isa = PBXBuildFile; fileRef = 8282FD4317421C8100973852 /* Foundation.framework */; };
		8282FD4617421C8100973852 /* CoreGraphics.framework in Frameworks */ = {isa = PBXBuildFile; fileRef = 8282FD4517421C8100973852 /* CoreGraphics.framework */; };
		8282FD4817421C8100973852 /* CoreData.framework in Frameworks */ = {isa = PBXBuildFile; fileRef = 8282FD4717421C8100973852 /* CoreData.framework */; };
		8282FD4E17421C8100973852 /* InfoPlist.strings in Resources */ = {isa = PBXBuildFile; fileRef = 8282FD4C17421C8100973852 /* InfoPlist.strings */; };
		8282FD5017421C8100973852 /* main.m in Sources */ = {isa = PBXBuildFile; fileRef = 8282FD4F17421C8100973852 /* main.m */; };
		8282FD5617421C8100973852 /* Default.png in Resources */ = {isa = PBXBuildFile; fileRef = 8282FD5517421C8100973852 /* Default.png */; };
		8282FD5817421C8100973852 /* Default@2x.png in Resources */ = {isa = PBXBuildFile; fileRef = 8282FD5717421C8100973852 /* Default@2x.png */; };
		8282FD5A17421C8100973852 /* Default-568h@2x.png in Resources */ = {isa = PBXBuildFile; fileRef = 8282FD5917421C8100973852 /* Default-568h@2x.png */; };
		8282FD6F17421C8100973852 /* UIKit.framework in Frameworks */ = {isa = PBXBuildFile; fileRef = 8282FD4117421C8100973852 /* UIKit.framework */; };
		8282FD7017421C8100973852 /* Foundation.framework in Frameworks */ = {isa = PBXBuildFile; fileRef = 8282FD4317421C8100973852 /* Foundation.framework */; };
		8282FD7117421C8100973852 /* CoreData.framework in Frameworks */ = {isa = PBXBuildFile; fileRef = 8282FD4717421C8100973852 /* CoreData.framework */; };
		8282FD7917421C8100973852 /* InfoPlist.strings in Resources */ = {isa = PBXBuildFile; fileRef = 8282FD7717421C8100973852 /* InfoPlist.strings */; };
		8282FD7C17421C8100973852 /* TagesberichtTests.m in Sources */ = {isa = PBXBuildFile; fileRef = 8282FD7B17421C8100973852 /* TagesberichtTests.m */; };
		8282FE1B17421F3200973852 /* InfoPlist.strings in Resources */ = {isa = PBXBuildFile; fileRef = 8282FDE517421F3200973852 /* InfoPlist.strings */; };
		8282FE1D17421F3200973852 /* Icon.png in Resources */ = {isa = PBXBuildFile; fileRef = 8282FDE917421F3200973852 /* Icon.png */; };
		8282FE1E17421F3200973852 /* Icon@2x.png in Resources */ = {isa = PBXBuildFile; fileRef = 8282FDEA17421F3200973852 /* Icon@2x.png */; };
		8282FE1F17421F3200973852 /* Leistung.m in Sources */ = {isa = PBXBuildFile; fileRef = 8282FDEC17421F3200973852 /* Leistung.m */; };
		8282FE2017421F3200973852 /* NSManagedObjectModel+KCOrderedAccessorFix.m in Sources */ = {isa = PBXBuildFile; fileRef = 8282FDEE17421F3200973852 /* NSManagedObjectModel+KCOrderedAccessorFix.m */; };
		8282FE2117421F3200973852 /* Settings.bundle in Resources */ = {isa = PBXBuildFile; fileRef = 8282FDEF17421F3200973852 /* Settings.bundle */; };
		8282FE2217421F3200973852 /* Tagesbericht-Html.mustache in Resources */ = {isa = PBXBuildFile; fileRef = 8282FDF017421F3200973852 /* Tagesbericht-Html.mustache */; };
		8282FE2317421F3200973852 /* Tagesbericht.m in Sources */ = {isa = PBXBuildFile; fileRef = 8282FDF217421F3200973852 /* Tagesbericht.m */; };
		8282FE2417421F3200973852 /* Tagesbericht.xcdatamodeld in Sources */ = {isa = PBXBuildFile; fileRef = 8282FDF317421F3200973852 /* Tagesbericht.xcdatamodeld */; };
		8282FE2517421F3200973852 /* TbAppDelegate.m in Sources */ = {isa = PBXBuildFile; fileRef = 8282FDF617421F3200973852 /* TbAppDelegate.m */; };
		8282FE2617421F3200973852 /* TbAuftraggeberController.m in Sources */ = {isa = PBXBuildFile; fileRef = 8282FDF817421F3200973852 /* TbAuftraggeberController.m */; };
		8282FE2717421F3200973852 /* TbBaustelleController.m in Sources */ = {isa = PBXBuildFile; fileRef = 8282FDFA17421F3200973852 /* TbBaustelleController.m */; };
		8282FE2817421F3200973852 /* TbCanvasImageView.m in Sources */ = {isa = PBXBuildFile; fileRef = 8282FDFC17421F3200973852 /* TbCanvasImageView.m */; };
		8282FE2917421F3200973852 /* TbDatumController.m in Sources */ = {isa = PBXBuildFile; fileRef = 8282FDFE17421F3200973852 /* TbDatumController.m */; };
		8282FE2B17421F3200973852 /* TbLeistungBeschreibungController.m in Sources */ = {isa = PBXBuildFile; fileRef = 8282FE0217421F3200973852 /* TbLeistungBeschreibungController.m */; };
		8282FE2C17421F3200973852 /* TbLeistungController.m in Sources */ = {isa = PBXBuildFile; fileRef = 8282FE0417421F3200973852 /* TbLeistungController.m */; };
		8282FE2D17421F3200973852 /* TbLeistungListController.m in Sources */ = {isa = PBXBuildFile; fileRef = 8282FE0617421F3200973852 /* TbLeistungListController.m */; };
		8282FE2E17421F3200973852 /* TbLeistungNameController.m in Sources */ = {isa = PBXBuildFile; fileRef = 8282FE0817421F3200973852 /* TbLeistungNameController.m */; };
		8282FE2F17421F3200973852 /* TbLeistungStundenController.m in Sources */ = {isa = PBXBuildFile; fileRef = 8282FE0A17421F3200973852 /* TbLeistungStundenController.m */; };
		8282FE3017421F3200973852 /* TbObjectController.m in Sources */ = {isa = PBXBuildFile; fileRef = 8282FE0C17421F3200973852 /* TbObjectController.m */; };
		8282FE3217421F3200973852 /* TbObjectListController.m in Sources */ = {isa = PBXBuildFile; fileRef = 8282FE1017421F3200973852 /* TbObjectListController.m */; };
		8282FE3417421F3200973852 /* TbTagesberichtController.m in Sources */ = {isa = PBXBuildFile; fileRef = 8282FE1417421F3200973852 /* TbTagesberichtController.m */; };
		8282FE3517421F3200973852 /* TbTagesberichtListController.m in Sources */ = {isa = PBXBuildFile; fileRef = 8282FE1617421F3200973852 /* TbTagesberichtListController.m */; };
		8282FE3617421F3200973852 /* TbTextController.m in Sources */ = {isa = PBXBuildFile; fileRef = 8282FE1817421F3200973852 /* TbTextController.m */; };
		8282FE3717421F3200973852 /* TbUnterschriftController.m in Sources */ = {isa = PBXBuildFile; fileRef = 8282FE1A17421F3200973852 /* TbUnterschriftController.m */; };
		8282FE4E17422B2600973852 /* MessageUI.framework in Frameworks */ = {isa = PBXBuildFile; fileRef = 8282FE4D17422B2600973852 /* MessageUI.framework */; };
		82E02EFD1A7E78C000378394 /* libGRMustache7-iOS.a in Frameworks */ = {isa = PBXBuildFile; fileRef = 82E02EFC1A7E78C000378394 /* libGRMustache7-iOS.a */; };
/* End PBXBuildFile section */

/* Begin PBXContainerItemProxy section */
		8282FD7217421C8100973852 /* PBXContainerItemProxy */ = {
			isa = PBXContainerItemProxy;
			containerPortal = 8282FD3617421C8100973852 /* Project object */;
			proxyType = 1;
			remoteGlobalIDString = 8282FD3D17421C8100973852;
			remoteInfo = Tagesbericht;
		};
/* End PBXContainerItemProxy section */

/* Begin PBXFileReference section */
		820A720B174FBA22000BA60E /* TbCustomSegue.h */ = {isa = PBXFileReference; fileEncoding = 4; lastKnownFileType = sourcecode.c.h; path = TbCustomSegue.h; sourceTree = "<group>"; };
		820A720C174FBA22000BA60E /* TbCustomSegue.m */ = {isa = PBXFileReference; fileEncoding = 4; lastKnownFileType = sourcecode.c.objc; path = TbCustomSegue.m; sourceTree = "<group>"; };
		824655C518084C960018F7D5 /* InfoPlist.strings */ = {isa = PBXFileReference; fileEncoding = 4; lastKnownFileType = text.plist.strings; path = InfoPlist.strings; sourceTree = "<group>"; };
		824656A1180993D70018F7D5 /* MainStoryboard.storyboard */ = {isa = PBXFileReference; fileEncoding = 4; lastKnownFileType = file.storyboard; name = MainStoryboard.storyboard; path = Tagesbericht/MainStoryboard.storyboard; sourceTree = "<group>"; };
		8282FD3E17421C8100973852 /* Tagesbericht.app */ = {isa = PBXFileReference; explicitFileType = wrapper.application; includeInIndex = 0; path = Tagesbericht.app; sourceTree = BUILT_PRODUCTS_DIR; };
		8282FD4117421C8100973852 /* UIKit.framework */ = {isa = PBXFileReference; lastKnownFileType = wrapper.framework; name = UIKit.framework; path = System/Library/Frameworks/UIKit.framework; sourceTree = SDKROOT; };
		8282FD4317421C8100973852 /* Foundation.framework */ = {isa = PBXFileReference; lastKnownFileType = wrapper.framework; name = Foundation.framework; path = System/Library/Frameworks/Foundation.framework; sourceTree = SDKROOT; };
		8282FD4517421C8100973852 /* CoreGraphics.framework */ = {isa = PBXFileReference; lastKnownFileType = wrapper.framework; name = CoreGraphics.framework; path = System/Library/Frameworks/CoreGraphics.framework; sourceTree = SDKROOT; };
		8282FD4717421C8100973852 /* CoreData.framework */ = {isa = PBXFileReference; lastKnownFileType = wrapper.framework; name = CoreData.framework; path = System/Library/Frameworks/CoreData.framework; sourceTree = SDKROOT; };
		8282FD4B17421C8100973852 /* Tagesbericht-Info.plist */ = {isa = PBXFileReference; lastKnownFileType = text.plist.xml; path = "Tagesbericht-Info.plist"; sourceTree = "<group>"; };
		8282FD4D17421C8100973852 /* en */ = {isa = PBXFileReference; lastKnownFileType = text.plist.strings; name = en; path = en.lproj/InfoPlist.strings; sourceTree = "<group>"; };
		8282FD4F17421C8100973852 /* main.m */ = {isa = PBXFileReference; lastKnownFileType = sourcecode.c.objc; path = main.m; sourceTree = "<group>"; };
		8282FD5117421C8100973852 /* Tagesbericht-Prefix.pch */ = {isa = PBXFileReference; lastKnownFileType = sourcecode.c.h; path = "Tagesbericht-Prefix.pch"; sourceTree = "<group>"; };
		8282FD5517421C8100973852 /* Default.png */ = {isa = PBXFileReference; lastKnownFileType = image.png; path = Default.png; sourceTree = "<group>"; };
		8282FD5717421C8100973852 /* Default@2x.png */ = {isa = PBXFileReference; lastKnownFileType = image.png; path = "Default@2x.png"; sourceTree = "<group>"; };
		8282FD5917421C8100973852 /* Default-568h@2x.png */ = {isa = PBXFileReference; lastKnownFileType = image.png; path = "Default-568h@2x.png"; sourceTree = "<group>"; };
		8282FD6C17421C8100973852 /* TagesberichtTests.octest */ = {isa = PBXFileReference; explicitFileType = wrapper.cfbundle; includeInIndex = 0; path = TagesberichtTests.octest; sourceTree = BUILT_PRODUCTS_DIR; };
		8282FD7617421C8100973852 /* TagesberichtTests-Info.plist */ = {isa = PBXFileReference; lastKnownFileType = text.plist.xml; path = "TagesberichtTests-Info.plist"; sourceTree = "<group>"; };
		8282FD7817421C8100973852 /* en */ = {isa = PBXFileReference; lastKnownFileType = text.plist.strings; name = en; path = en.lproj/InfoPlist.strings; sourceTree = "<group>"; };
		8282FD7A17421C8100973852 /* TagesberichtTests.h */ = {isa = PBXFileReference; lastKnownFileType = sourcecode.c.h; path = TagesberichtTests.h; sourceTree = "<group>"; };
		8282FD7B17421C8100973852 /* TagesberichtTests.m */ = {isa = PBXFileReference; lastKnownFileType = sourcecode.c.objc; path = TagesberichtTests.m; sourceTree = "<group>"; };
		8282FDE617421F3200973852 /* en */ = {isa = PBXFileReference; lastKnownFileType = text.plist.strings; name = en; path = InfoPlist.strings; sourceTree = "<group>"; };
		8282FDE917421F3200973852 /* Icon.png */ = {isa = PBXFileReference; lastKnownFileType = image.png; path = Icon.png; sourceTree = "<group>"; };
		8282FDEA17421F3200973852 /* Icon@2x.png */ = {isa = PBXFileReference; lastKnownFileType = image.png; path = "Icon@2x.png"; sourceTree = "<group>"; };
		8282FDEB17421F3200973852 /* Leistung.h */ = {isa = PBXFileReference; fileEncoding = 4; lastKnownFileType = sourcecode.c.h; path = Leistung.h; sourceTree = "<group>"; };
		8282FDEC17421F3200973852 /* Leistung.m */ = {isa = PBXFileReference; fileEncoding = 4; lastKnownFileType = sourcecode.c.objc; path = Leistung.m; sourceTree = "<group>"; };
		8282FDED17421F3200973852 /* NSManagedObjectModel+KCOrderedAccessorFix.h */ = {isa = PBXFileReference; fileEncoding = 4; lastKnownFileType = sourcecode.c.h; path = "NSManagedObjectModel+KCOrderedAccessorFix.h"; sourceTree = "<group>"; };
		8282FDEE17421F3200973852 /* NSManagedObjectModel+KCOrderedAccessorFix.m */ = {isa = PBXFileReference; fileEncoding = 4; lastKnownFileType = sourcecode.c.objc; path = "NSManagedObjectModel+KCOrderedAccessorFix.m"; sourceTree = "<group>"; };
		8282FDEF17421F3200973852 /* Settings.bundle */ = {isa = PBXFileReference; lastKnownFileType = "wrapper.plug-in"; path = Settings.bundle; sourceTree = "<group>"; };
		8282FDF017421F3200973852 /* Tagesbericht-Html.mustache */ = {isa = PBXFileReference; fileEncoding = 4; lastKnownFileType = text; path = "Tagesbericht-Html.mustache"; sourceTree = "<group>"; };
		8282FDF117421F3200973852 /* Tagesbericht.h */ = {isa = PBXFileReference; fileEncoding = 4; lastKnownFileType = sourcecode.c.h; path = Tagesbericht.h; sourceTree = "<group>"; };
		8282FDF217421F3200973852 /* Tagesbericht.m */ = {isa = PBXFileReference; fileEncoding = 4; lastKnownFileType = sourcecode.c.objc; path = Tagesbericht.m; sourceTree = "<group>"; };
		8282FDF417421F3200973852 /* Tagesbericht.xcdatamodel */ = {isa = PBXFileReference; lastKnownFileType = wrapper.xcdatamodel; path = Tagesbericht.xcdatamodel; sourceTree = "<group>"; };
		8282FDF517421F3200973852 /* TbAppDelegate.h */ = {isa = PBXFileReference; fileEncoding = 4; lastKnownFileType = sourcecode.c.h; path = TbAppDelegate.h; sourceTree = "<group>"; };
		8282FDF617421F3200973852 /* TbAppDelegate.m */ = {isa = PBXFileReference; fileEncoding = 4; lastKnownFileType = sourcecode.c.objc; path = TbAppDelegate.m; sourceTree = "<group>"; };
		8282FDF717421F3200973852 /* TbAuftraggeberController.h */ = {isa = PBXFileReference; fileEncoding = 4; lastKnownFileType = sourcecode.c.h; path = TbAuftraggeberController.h; sourceTree = "<group>"; };
		8282FDF817421F3200973852 /* TbAuftraggeberController.m */ = {isa = PBXFileReference; fileEncoding = 4; lastKnownFileType = sourcecode.c.objc; path = TbAuftraggeberController.m; sourceTree = "<group>"; };
		8282FDF917421F3200973852 /* TbBaustelleController.h */ = {isa = PBXFileReference; fileEncoding = 4; lastKnownFileType = sourcecode.c.h; path = TbBaustelleController.h; sourceTree = "<group>"; };
		8282FDFA17421F3200973852 /* TbBaustelleController.m */ = {isa = PBXFileReference; fileEncoding = 4; lastKnownFileType = sourcecode.c.objc; path = TbBaustelleController.m; sourceTree = "<group>"; };
		8282FDFB17421F3200973852 /* TbCanvasImageView.h */ = {isa = PBXFileReference; fileEncoding = 4; lastKnownFileType = sourcecode.c.h; path = TbCanvasImageView.h; sourceTree = "<group>"; };
		8282FDFC17421F3200973852 /* TbCanvasImageView.m */ = {isa = PBXFileReference; fileEncoding = 4; lastKnownFileType = sourcecode.c.objc; path = TbCanvasImageView.m; sourceTree = "<group>"; };
		8282FDFD17421F3200973852 /* TbDatumController.h */ = {isa = PBXFileReference; fileEncoding = 4; lastKnownFileType = sourcecode.c.h; path = TbDatumController.h; sourceTree = "<group>"; };
		8282FDFE17421F3200973852 /* TbDatumController.m */ = {isa = PBXFileReference; fileEncoding = 4; lastKnownFileType = sourcecode.c.objc; path = TbDatumController.m; sourceTree = "<group>"; };
		8282FE0117421F3200973852 /* TbLeistungBeschreibungController.h */ = {isa = PBXFileReference; fileEncoding = 4; lastKnownFileType = sourcecode.c.h; path = TbLeistungBeschreibungController.h; sourceTree = "<group>"; };
		8282FE0217421F3200973852 /* TbLeistungBeschreibungController.m */ = {isa = PBXFileReference; fileEncoding = 4; lastKnownFileType = sourcecode.c.objc; path = TbLeistungBeschreibungController.m; sourceTree = "<group>"; };
		8282FE0317421F3200973852 /* TbLeistungController.h */ = {isa = PBXFileReference; fileEncoding = 4; lastKnownFileType = sourcecode.c.h; path = TbLeistungController.h; sourceTree = "<group>"; };
		8282FE0417421F3200973852 /* TbLeistungController.m */ = {isa = PBXFileReference; fileEncoding = 4; lastKnownFileType = sourcecode.c.objc; path = TbLeistungController.m; sourceTree = "<group>"; };
		8282FE0517421F3200973852 /* TbLeistungListController.h */ = {isa = PBXFileReference; fileEncoding = 4; lastKnownFileType = sourcecode.c.h; path = TbLeistungListController.h; sourceTree = "<group>"; };
		8282FE0617421F3200973852 /* TbLeistungListController.m */ = {isa = PBXFileReference; fileEncoding = 4; lastKnownFileType = sourcecode.c.objc; path = TbLeistungListController.m; sourceTree = "<group>"; };
		8282FE0717421F3200973852 /* TbLeistungNameController.h */ = {isa = PBXFileReference; fileEncoding = 4; lastKnownFileType = sourcecode.c.h; path = TbLeistungNameController.h; sourceTree = "<group>"; };
		8282FE0817421F3200973852 /* TbLeistungNameController.m */ = {isa = PBXFileReference; fileEncoding = 4; lastKnownFileType = sourcecode.c.objc; path = TbLeistungNameController.m; sourceTree = "<group>"; };
		8282FE0917421F3200973852 /* TbLeistungStundenController.h */ = {isa = PBXFileReference; fileEncoding = 4; lastKnownFileType = sourcecode.c.h; path = TbLeistungStundenController.h; sourceTree = "<group>"; };
		8282FE0A17421F3200973852 /* TbLeistungStundenController.m */ = {isa = PBXFileReference; fileEncoding = 4; lastKnownFileType = sourcecode.c.objc; path = TbLeistungStundenController.m; sourceTree = "<group>"; };
		8282FE0B17421F3200973852 /* TbObjectController.h */ = {isa = PBXFileReference; fileEncoding = 4; lastKnownFileType = sourcecode.c.h; path = TbObjectController.h; sourceTree = "<group>"; };
		8282FE0C17421F3200973852 /* TbObjectController.m */ = {isa = PBXFileReference; fileEncoding = 4; lastKnownFileType = sourcecode.c.objc; path = TbObjectController.m; sourceTree = "<group>"; };
		8282FE0F17421F3200973852 /* TbObjectListController.h */ = {isa = PBXFileReference; fileEncoding = 4; lastKnownFileType = sourcecode.c.h; path = TbObjectListController.h; sourceTree = "<group>"; };
		8282FE1017421F3200973852 /* TbObjectListController.m */ = {isa = PBXFileReference; fileEncoding = 4; lastKnownFileType = sourcecode.c.objc; path = TbObjectListController.m; sourceTree = "<group>"; };
		8282FE1317421F3200973852 /* TbTagesberichtController.h */ = {isa = PBXFileReference; fileEncoding = 4; lastKnownFileType = sourcecode.c.h; path = TbTagesberichtController.h; sourceTree = "<group>"; };
		8282FE1417421F3200973852 /* TbTagesberichtController.m */ = {isa = PBXFileReference; fileEncoding = 4; lastKnownFileType = sourcecode.c.objc; path = TbTagesberichtController.m; sourceTree = "<group>"; };
		8282FE1517421F3200973852 /* TbTagesberichtListController.h */ = {isa = PBXFileReference; fileEncoding = 4; lastKnownFileType = sourcecode.c.h; path = TbTagesberichtListController.h; sourceTree = "<group>"; };
		8282FE1617421F3200973852 /* TbTagesberichtListController.m */ = {isa = PBXFileReference; fileEncoding = 4; lastKnownFileType = sourcecode.c.objc; path = TbTagesberichtListController.m; sourceTree = "<group>"; };
		8282FE1717421F3200973852 /* TbTextController.h */ = {isa = PBXFileReference; fileEncoding = 4; lastKnownFileType = sourcecode.c.h; path = TbTextController.h; sourceTree = "<group>"; };
		8282FE1817421F3200973852 /* TbTextController.m */ = {isa = PBXFileReference; fileEncoding = 4; lastKnownFileType = sourcecode.c.objc; path = TbTextController.m; sourceTree = "<group>"; };
		8282FE1917421F3200973852 /* TbUnterschriftController.h */ = {isa = PBXFileReference; fileEncoding = 4; lastKnownFileType = sourcecode.c.h; path = TbUnterschriftController.h; sourceTree = "<group>"; };
		8282FE1A17421F3200973852 /* TbUnterschriftController.m */ = {isa = PBXFileReference; fileEncoding = 4; lastKnownFileType = sourcecode.c.objc; path = TbUnterschriftController.m; sourceTree = "<group>"; };
		8282FE3B1742238F00973852 /* libGRMustache6-iOS.a */ = {isa = PBXFileReference; lastKnownFileType = archive.ar; name = "libGRMustache6-iOS.a"; path = "../../GRMustache/lib/libGRMustache6-iOS.a"; sourceTree = "<group>"; };
		8282FE3E17422B0000973852 /* GRMustache.h */ = {isa = PBXFileReference; fileEncoding = 4; lastKnownFileType = sourcecode.c.h; path = GRMustache.h; sourceTree = "<group>"; };
		8282FE3F17422B0000973852 /* GRMustacheAvailabilityMacros.h */ = {isa = PBXFileReference; fileEncoding = 4; lastKnownFileType = sourcecode.c.h; path = GRMustacheAvailabilityMacros.h; sourceTree = "<group>"; };
		8282FE4017422B0000973852 /* GRMustacheConfiguration.h */ = {isa = PBXFileReference; fileEncoding = 4; lastKnownFileType = sourcecode.c.h; path = GRMustacheConfiguration.h; sourceTree = "<group>"; };
		8282FE4117422B0000973852 /* GRMustacheContext.h */ = {isa = PBXFileReference; fileEncoding = 4; lastKnownFileType = sourcecode.c.h; path = GRMustacheContext.h; sourceTree = "<group>"; };
		8282FE4217422B0000973852 /* GRMustacheError.h */ = {isa = PBXFileReference; fileEncoding = 4; lastKnownFileType = sourcecode.c.h; path = GRMustacheError.h; sourceTree = "<group>"; };
		8282FE4317422B0000973852 /* GRMustacheFilter.h */ = {isa = PBXFileReference; fileEncoding = 4; lastKnownFileType = sourcecode.c.h; path = GRMustacheFilter.h; sourceTree = "<group>"; };
		8282FE4417422B0000973852 /* GRMustacheLocalizer.h */ = {isa = PBXFileReference; fileEncoding = 4; lastKnownFileType = sourcecode.c.h; path = GRMustacheLocalizer.h; sourceTree = "<group>"; };
		8282FE4517422B0000973852 /* GRMustacheRendering.h */ = {isa = PBXFileReference; fileEncoding = 4; lastKnownFileType = sourcecode.c.h; path = GRMustacheRendering.h; sourceTree = "<group>"; };
		8282FE4617422B0000973852 /* GRMustacheTag.h */ = {isa = PBXFileReference; fileEncoding = 4; lastKnownFileType = sourcecode.c.h; path = GRMustacheTag.h; sourceTree = "<group>"; };
		8282FE4717422B0000973852 /* GRMustacheTagDelegate.h */ = {isa = PBXFileReference; fileEncoding = 4; lastKnownFileType = sourcecode.c.h; path = GRMustacheTagDelegate.h; sourceTree = "<group>"; };
		8282FE4817422B0000973852 /* GRMustacheTemplate.h */ = {isa = PBXFileReference; fileEncoding = 4; lastKnownFileType = sourcecode.c.h; path = GRMustacheTemplate.h; sourceTree = "<group>"; };
		8282FE4917422B0000973852 /* GRMustacheTemplateRepository.h */ = {isa = PBXFileReference; fileEncoding = 4; lastKnownFileType = sourcecode.c.h; path = GRMustacheTemplateRepository.h; sourceTree = "<group>"; };
		8282FE4A17422B0000973852 /* GRMustacheVersion.h */ = {isa = PBXFileReference; fileEncoding = 4; lastKnownFileType = sourcecode.c.h; path = GRMustacheVersion.h; sourceTree = "<group>"; };
		8282FE4B17422B0000973852 /* NSFormatter+GRMustache.h */ = {isa = PBXFileReference; fileEncoding = 4; lastKnownFileType = sourcecode.c.h; path = "NSFormatter+GRMustache.h"; sourceTree = "<group>"; };
		8282FE4C17422B0000973852 /* NSValueTransformer+GRMustache.h */ = {isa = PBXFileReference; fileEncoding = 4; lastKnownFileType = sourcecode.c.h; path = "NSValueTransformer+GRMustache.h"; sourceTree = "<group>"; };
		8282FE4D17422B2600973852 /* MessageUI.framework */ = {isa = PBXFileReference; lastKnownFileType = wrapper.framework; name = MessageUI.framework; path = System/Library/Frameworks/MessageUI.framework; sourceTree = SDKROOT; };
		82E02EFC1A7E78C000378394 /* libGRMustache7-iOS.a */ = {isa = PBXFileReference; lastKnownFileType = archive.ar; name = "libGRMustache7-iOS.a"; path = "Tagesbericht/include/libGRMustache7-iOS.a"; sourceTree = "<group>"; };
/* End PBXFileReference section */

/* Begin PBXFrameworksBuildPhase section */
		8282FD3B17421C8100973852 /* Frameworks */ = {
			isa = PBXFrameworksBuildPhase;
			buildActionMask = 2147483647;
			files = (
				82E02EFD1A7E78C000378394 /* libGRMustache7-iOS.a in Frameworks */,
				8282FE4E17422B2600973852 /* MessageUI.framework in Frameworks */,
				8282FD4217421C8100973852 /* UIKit.framework in Frameworks */,
				8282FD4417421C8100973852 /* Foundation.framework in Frameworks */,
				8282FD4617421C8100973852 /* CoreGraphics.framework in Frameworks */,
				8282FD4817421C8100973852 /* CoreData.framework in Frameworks */,
			);
			runOnlyForDeploymentPostprocessing = 0;
		};
		8282FD6817421C8100973852 /* Frameworks */ = {
			isa = PBXFrameworksBuildPhase;
			buildActionMask = 2147483647;
			files = (
				8282FD6F17421C8100973852 /* UIKit.framework in Frameworks */,
				8282FD7017421C8100973852 /* Foundation.framework in Frameworks */,
				8282FD7117421C8100973852 /* CoreData.framework in Frameworks */,
			);
			runOnlyForDeploymentPostprocessing = 0;
		};
/* End PBXFrameworksBuildPhase section */

/* Begin PBXGroup section */
		824655C418084C480018F7D5 /* de.lproj */ = {
			isa = PBXGroup;
			children = (
				824655C518084C960018F7D5 /* InfoPlist.strings */,
			);
			name = de.lproj;
			sourceTree = "<group>";
		};
		8282FD3517421C8100973852 = {
			isa = PBXGroup;
			children = (
				824656A1180993D70018F7D5 /* MainStoryboard.storyboard */,
				8282FD4917421C8100973852 /* Tagesbericht */,
				8282FD7417421C8100973852 /* TagesberichtTests */,
				8282FD4017421C8100973852 /* Frameworks */,
				8282FD3F17421C8100973852 /* Products */,
			);
			sourceTree = "<group>";
		};
		8282FD3F17421C8100973852 /* Products */ = {
			isa = PBXGroup;
			children = (
				8282FD3E17421C8100973852 /* Tagesbericht.app */,
				8282FD6C17421C8100973852 /* TagesberichtTests.octest */,
			);
			name = Products;
			sourceTree = "<group>";
		};
		8282FD4017421C8100973852 /* Frameworks */ = {
			isa = PBXGroup;
			children = (
				82E02EFC1A7E78C000378394 /* libGRMustache7-iOS.a */,
				8282FE3B1742238F00973852 /* libGRMustache6-iOS.a */,
				8282FE4D17422B2600973852 /* MessageUI.framework */,
				8282FD4117421C8100973852 /* UIKit.framework */,
				8282FD4317421C8100973852 /* Foundation.framework */,
				8282FD4517421C8100973852 /* CoreGraphics.framework */,
				8282FD4717421C8100973852 /* CoreData.framework */,
			);
			name = Frameworks;
			sourceTree = "<group>";
		};
		8282FD4917421C8100973852 /* Tagesbericht */ = {
			isa = PBXGroup;
			children = (
				824655C418084C480018F7D5 /* de.lproj */,
				8282FE3D17422B0000973852 /* include */,
				8282FDF317421F3200973852 /* Tagesbericht.xcdatamodeld */,
				8282FDEF17421F3200973852 /* Settings.bundle */,
				8282FDE417421F3200973852 /* en.lproj */,
				8282FDED17421F3200973852 /* NSManagedObjectModel+KCOrderedAccessorFix.h */,
				8282FDEE17421F3200973852 /* NSManagedObjectModel+KCOrderedAccessorFix.m */,
				8282FDF117421F3200973852 /* Tagesbericht.h */,
				8282FDF217421F3200973852 /* Tagesbericht.m */,
				8282FDEB17421F3200973852 /* Leistung.h */,
				8282FDEC17421F3200973852 /* Leistung.m */,
				8282FDF517421F3200973852 /* TbAppDelegate.h */,
				8282FDF617421F3200973852 /* TbAppDelegate.m */,
				8282FDF717421F3200973852 /* TbAuftraggeberController.h */,
				8282FDF817421F3200973852 /* TbAuftraggeberController.m */,
				8282FDF917421F3200973852 /* TbBaustelleController.h */,
				8282FDFA17421F3200973852 /* TbBaustelleController.m */,
				8282FDFB17421F3200973852 /* TbCanvasImageView.h */,
				8282FDFC17421F3200973852 /* TbCanvasImageView.m */,
				8282FDFD17421F3200973852 /* TbDatumController.h */,
				8282FDFE17421F3200973852 /* TbDatumController.m */,
				8282FE0117421F3200973852 /* TbLeistungBeschreibungController.h */,
				8282FE0217421F3200973852 /* TbLeistungBeschreibungController.m */,
				8282FE0317421F3200973852 /* TbLeistungController.h */,
				8282FE0417421F3200973852 /* TbLeistungController.m */,
				8282FE0517421F3200973852 /* TbLeistungListController.h */,
				8282FE0617421F3200973852 /* TbLeistungListController.m */,
				8282FE0717421F3200973852 /* TbLeistungNameController.h */,
				8282FE0817421F3200973852 /* TbLeistungNameController.m */,
				8282FE0917421F3200973852 /* TbLeistungStundenController.h */,
				8282FE0A17421F3200973852 /* TbLeistungStundenController.m */,
				8282FE0B17421F3200973852 /* TbObjectController.h */,
				8282FE0C17421F3200973852 /* TbObjectController.m */,
				8282FE0F17421F3200973852 /* TbObjectListController.h */,
				8282FE1017421F3200973852 /* TbObjectListController.m */,
				820A720B174FBA22000BA60E /* TbCustomSegue.h */,
				820A720C174FBA22000BA60E /* TbCustomSegue.m */,
				8282FE1317421F3200973852 /* TbTagesberichtController.h */,
				8282FE1417421F3200973852 /* TbTagesberichtController.m */,
				8282FE1517421F3200973852 /* TbTagesberichtListController.h */,
				8282FE1617421F3200973852 /* TbTagesberichtListController.m */,
				8282FE1717421F3200973852 /* TbTextController.h */,
				8282FE1817421F3200973852 /* TbTextController.m */,
				8282FE1917421F3200973852 /* TbUnterschriftController.h */,
				8282FE1A17421F3200973852 /* TbUnterschriftController.m */,
				8282FD4A17421C8100973852 /* Supporting Files */,
			);
			path = Tagesbericht;
			sourceTree = "<group>";
		};
		8282FD4A17421C8100973852 /* Supporting Files */ = {
			isa = PBXGroup;
			children = (
				8282FDF017421F3200973852 /* Tagesbericht-Html.mustache */,
				8282FD4B17421C8100973852 /* Tagesbericht-Info.plist */,
				8282FD4C17421C8100973852 /* InfoPlist.strings */,
				8282FD4F17421C8100973852 /* main.m */,
				8282FD5117421C8100973852 /* Tagesbericht-Prefix.pch */,
				8282FDE917421F3200973852 /* Icon.png */,
				8282FDEA17421F3200973852 /* Icon@2x.png */,
				8282FD5517421C8100973852 /* Default.png */,
				8282FD5717421C8100973852 /* Default@2x.png */,
				8282FD5917421C8100973852 /* Default-568h@2x.png */,
			);
			name = "Supporting Files";
			sourceTree = "<group>";
		};
		8282FD7417421C8100973852 /* TagesberichtTests */ = {
			isa = PBXGroup;
			children = (
				8282FD7A17421C8100973852 /* TagesberichtTests.h */,
				8282FD7B17421C8100973852 /* TagesberichtTests.m */,
				8282FD7517421C8100973852 /* Supporting Files */,
			);
			path = TagesberichtTests;
			sourceTree = "<group>";
		};
		8282FD7517421C8100973852 /* Supporting Files */ = {
			isa = PBXGroup;
			children = (
				8282FD7617421C8100973852 /* TagesberichtTests-Info.plist */,
				8282FD7717421C8100973852 /* InfoPlist.strings */,
			);
			name = "Supporting Files";
			sourceTree = "<group>";
		};
		8282FDE417421F3200973852 /* en.lproj */ = {
			isa = PBXGroup;
			children = (
				8282FDE517421F3200973852 /* InfoPlist.strings */,
			);
			path = en.lproj;
			sourceTree = "<group>";
		};
		8282FE3D17422B0000973852 /* include */ = {
			isa = PBXGroup;
			children = (
				8282FE3E17422B0000973852 /* GRMustache.h */,
				8282FE3F17422B0000973852 /* GRMustacheAvailabilityMacros.h */,
				8282FE4017422B0000973852 /* GRMustacheConfiguration.h */,
				8282FE4117422B0000973852 /* GRMustacheContext.h */,
				8282FE4217422B0000973852 /* GRMustacheError.h */,
				8282FE4317422B0000973852 /* GRMustacheFilter.h */,
				8282FE4417422B0000973852 /* GRMustacheLocalizer.h */,
				8282FE4517422B0000973852 /* GRMustacheRendering.h */,
				8282FE4617422B0000973852 /* GRMustacheTag.h */,
				8282FE4717422B0000973852 /* GRMustacheTagDelegate.h */,
				8282FE4817422B0000973852 /* GRMustacheTemplate.h */,
				8282FE4917422B0000973852 /* GRMustacheTemplateRepository.h */,
				8282FE4A17422B0000973852 /* GRMustacheVersion.h */,
				8282FE4B17422B0000973852 /* NSFormatter+GRMustache.h */,
				8282FE4C17422B0000973852 /* NSValueTransformer+GRMustache.h */,
			);
			path = include;
			sourceTree = "<group>";
		};
/* End PBXGroup section */

/* Begin PBXNativeTarget section */
		8282FD3D17421C8100973852 /* Tagesbericht */ = {
			isa = PBXNativeTarget;
			buildConfigurationList = 8282FD7F17421C8100973852 /* Build configuration list for PBXNativeTarget "Tagesbericht" */;
			buildPhases = (
				8282FD3A17421C8100973852 /* Sources */,
				8282FD3B17421C8100973852 /* Frameworks */,
				8282FD3C17421C8100973852 /* Resources */,
			);
			buildRules = (
			);
			dependencies = (
			);
			name = Tagesbericht;
			productName = Tagesbericht;
			productReference = 8282FD3E17421C8100973852 /* Tagesbericht.app */;
			productType = "com.apple.product-type.application";
		};
		8282FD6B17421C8100973852 /* TagesberichtTests */ = {
			isa = PBXNativeTarget;
			buildConfigurationList = 8282FD8217421C8100973852 /* Build configuration list for PBXNativeTarget "TagesberichtTests" */;
			buildPhases = (
				8282FD6717421C8100973852 /* Sources */,
				8282FD6817421C8100973852 /* Frameworks */,
				8282FD6917421C8100973852 /* Resources */,
				8282FD6A17421C8100973852 /* ShellScript */,
			);
			buildRules = (
			);
			dependencies = (
				8282FD7317421C8100973852 /* PBXTargetDependency */,
			);
			name = TagesberichtTests;
			productName = TagesberichtTests;
			productReference = 8282FD6C17421C8100973852 /* TagesberichtTests.octest */;
			productType = "com.apple.product-type.bundle.unit-test";
		};
/* End PBXNativeTarget section */

/* Begin PBXProject section */
		8282FD3617421C8100973852 /* Project object */ = {
			isa = PBXProject;
			attributes = {
				CLASSPREFIX = Tb;
				LastTestingUpgradeCheck = 0610;
				LastUpgradeCheck = 0460;
				ORGANIZATIONNAME = "Matthias Burbach";
				TargetAttributes = {
					8282FD3D17421C8100973852 = {
						DevelopmentTeam = D9BUA6W32F;
					};
				};
			};
			buildConfigurationList = 8282FD3917421C8100973852 /* Build configuration list for PBXProject "Tagesbericht" */;
			compatibilityVersion = "Xcode 3.2";
			developmentRegion = English;
			hasScannedForEncodings = 0;
			knownRegions = (
				en,
			);
			mainGroup = 8282FD3517421C8100973852;
			productRefGroup = 8282FD3F17421C8100973852 /* Products */;
			projectDirPath = "";
			projectRoot = "";
			targets = (
				8282FD3D17421C8100973852 /* Tagesbericht */,
				8282FD6B17421C8100973852 /* TagesberichtTests */,
			);
		};
/* End PBXProject section */

/* Begin PBXResourcesBuildPhase section */
		8282FD3C17421C8100973852 /* Resources */ = {
			isa = PBXResourcesBuildPhase;
			buildActionMask = 2147483647;
			files = (
				8282FD4E17421C8100973852 /* InfoPlist.strings in Resources */,
				8282FD5617421C8100973852 /* Default.png in Resources */,
				8282FD5817421C8100973852 /* Default@2x.png in Resources */,
				8282FD5A17421C8100973852 /* Default-568h@2x.png in Resources */,
				8282FE1B17421F3200973852 /* InfoPlist.strings in Resources */,
				824656A2180993D70018F7D5 /* MainStoryboard.storyboard in Resources */,
				8282FE1D17421F3200973852 /* Icon.png in Resources */,
				8282FE1E17421F3200973852 /* Icon@2x.png in Resources */,
				8282FE2117421F3200973852 /* Settings.bundle in Resources */,
				824655C618084C960018F7D5 /* InfoPlist.strings in Resources */,
				8282FE2217421F3200973852 /* Tagesbericht-Html.mustache in Resources */,
			);
			runOnlyForDeploymentPostprocessing = 0;
		};
		8282FD6917421C8100973852 /* Resources */ = {
			isa = PBXResourcesBuildPhase;
			buildActionMask = 2147483647;
			files = (
				8282FD7917421C8100973852 /* InfoPlist.strings in Resources */,
			);
			runOnlyForDeploymentPostprocessing = 0;
		};
/* End PBXResourcesBuildPhase section */

/* Begin PBXShellScriptBuildPhase section */
		8282FD6A17421C8100973852 /* ShellScript */ = {
			isa = PBXShellScriptBuildPhase;
			buildActionMask = 2147483647;
			files = (
			);
			inputPaths = (
			);
			outputPaths = (
			);
			runOnlyForDeploymentPostprocessing = 0;
			shellPath = /bin/sh;
			shellScript = "# Run the unit tests in this test bundle.\n\"${SYSTEM_DEVELOPER_DIR}/Tools/RunUnitTests\"\n";
		};
/* End PBXShellScriptBuildPhase section */

/* Begin PBXSourcesBuildPhase section */
		8282FD3A17421C8100973852 /* Sources */ = {
			isa = PBXSourcesBuildPhase;
			buildActionMask = 2147483647;
			files = (
				8282FD5017421C8100973852 /* main.m in Sources */,
				8282FE1F17421F3200973852 /* Leistung.m in Sources */,
				8282FE2017421F3200973852 /* NSManagedObjectModel+KCOrderedAccessorFix.m in Sources */,
				8282FE2317421F3200973852 /* Tagesbericht.m in Sources */,
				8282FE2417421F3200973852 /* Tagesbericht.xcdatamodeld in Sources */,
				8282FE2517421F3200973852 /* TbAppDelegate.m in Sources */,
				8282FE2617421F3200973852 /* TbAuftraggeberController.m in Sources */,
				8282FE2717421F3200973852 /* TbBaustelleController.m in Sources */,
				8282FE2817421F3200973852 /* TbCanvasImageView.m in Sources */,
				8282FE2917421F3200973852 /* TbDatumController.m in Sources */,
				8282FE2B17421F3200973852 /* TbLeistungBeschreibungController.m in Sources */,
				8282FE2C17421F3200973852 /* TbLeistungController.m in Sources */,
				8282FE2D17421F3200973852 /* TbLeistungListController.m in Sources */,
				8282FE2E17421F3200973852 /* TbLeistungNameController.m in Sources */,
				8282FE2F17421F3200973852 /* TbLeistungStundenController.m in Sources */,
				8282FE3017421F3200973852 /* TbObjectController.m in Sources */,
				8282FE3217421F3200973852 /* TbObjectListController.m in Sources */,
				8282FE3417421F3200973852 /* TbTagesberichtController.m in Sources */,
				8282FE3517421F3200973852 /* TbTagesberichtListController.m in Sources */,
				8282FE3617421F3200973852 /* TbTextController.m in Sources */,
				8282FE3717421F3200973852 /* TbUnterschriftController.m in Sources */,
				820A720D174FBA23000BA60E /* TbCustomSegue.m in Sources */,
			);
			runOnlyForDeploymentPostprocessing = 0;
		};
		8282FD6717421C8100973852 /* Sources */ = {
			isa = PBXSourcesBuildPhase;
			buildActionMask = 2147483647;
			files = (
				8282FD7C17421C8100973852 /* TagesberichtTests.m in Sources */,
			);
			runOnlyForDeploymentPostprocessing = 0;
		};
/* End PBXSourcesBuildPhase section */

/* Begin PBXTargetDependency section */
		8282FD7317421C8100973852 /* PBXTargetDependency */ = {
			isa = PBXTargetDependency;
			target = 8282FD3D17421C8100973852 /* Tagesbericht */;
			targetProxy = 8282FD7217421C8100973852 /* PBXContainerItemProxy */;
		};
/* End PBXTargetDependency section */

/* Begin PBXVariantGroup section */
		8282FD4C17421C8100973852 /* InfoPlist.strings */ = {
			isa = PBXVariantGroup;
			children = (
				8282FD4D17421C8100973852 /* en */,
			);
			name = InfoPlist.strings;
			sourceTree = "<group>";
		};
		8282FD7717421C8100973852 /* InfoPlist.strings */ = {
			isa = PBXVariantGroup;
			children = (
				8282FD7817421C8100973852 /* en */,
			);
			name = InfoPlist.strings;
			sourceTree = "<group>";
		};
		8282FDE517421F3200973852 /* InfoPlist.strings */ = {
			isa = PBXVariantGroup;
			children = (
				8282FDE617421F3200973852 /* en */,
			);
			name = InfoPlist.strings;
			sourceTree = "<group>";
		};
/* End PBXVariantGroup section */

/* Begin XCBuildConfiguration section */
		8282FD7D17421C8100973852 /* Debug */ = {
			isa = XCBuildConfiguration;
			buildSettings = {
				ALWAYS_SEARCH_USER_PATHS = NO;
				CLANG_CXX_LANGUAGE_STANDARD = "gnu++0x";
				CLANG_CXX_LIBRARY = "libc++";
				CLANG_ENABLE_OBJC_ARC = YES;
				CLANG_WARN_CONSTANT_CONVERSION = YES;
				CLANG_WARN_EMPTY_BODY = YES;
				CLANG_WARN_ENUM_CONVERSION = YES;
				CLANG_WARN_INT_CONVERSION = YES;
				CLANG_WARN__DUPLICATE_METHOD_MATCH = YES;
				"CODE_SIGN_IDENTITY[sdk=iphoneos*]" = "iPhone Developer";
				COPY_PHASE_STRIP = NO;
				GCC_C_LANGUAGE_STANDARD = gnu99;
				GCC_DYNAMIC_NO_PIC = NO;
				GCC_OPTIMIZATION_LEVEL = 0;
				GCC_PREPROCESSOR_DEFINITIONS = (
					"DEBUG=1",
					"$(inherited)",
				);
				GCC_SYMBOLS_PRIVATE_EXTERN = NO;
				GCC_WARN_ABOUT_RETURN_TYPE = YES;
				GCC_WARN_UNINITIALIZED_AUTOS = YES;
				GCC_WARN_UNUSED_VARIABLE = YES;
				IPHONEOS_DEPLOYMENT_TARGET = 6.1;
				ONLY_ACTIVE_ARCH = YES;
				SDKROOT = iphoneos;
			};
			name = Debug;
		};
		8282FD7E17421C8100973852 /* Release */ = {
			isa = XCBuildConfiguration;
			buildSettings = {
				ALWAYS_SEARCH_USER_PATHS = NO;
				CLANG_CXX_LANGUAGE_STANDARD = "gnu++0x";
				CLANG_CXX_LIBRARY = "libc++";
				CLANG_ENABLE_OBJC_ARC = YES;
				CLANG_WARN_CONSTANT_CONVERSION = YES;
				CLANG_WARN_EMPTY_BODY = YES;
				CLANG_WARN_ENUM_CONVERSION = YES;
				CLANG_WARN_INT_CONVERSION = YES;
				CLANG_WARN__DUPLICATE_METHOD_MATCH = YES;
				"CODE_SIGN_IDENTITY[sdk=iphoneos*]" = "iPhone Developer";
				COPY_PHASE_STRIP = YES;
				GCC_C_LANGUAGE_STANDARD = gnu99;
				GCC_WARN_ABOUT_RETURN_TYPE = YES;
				GCC_WARN_UNINITIALIZED_AUTOS = YES;
				GCC_WARN_UNUSED_VARIABLE = YES;
				IPHONEOS_DEPLOYMENT_TARGET = 6.1;
				OTHER_CFLAGS = "-DNS_BLOCK_ASSERTIONS=1";
				SDKROOT = iphoneos;
				VALIDATE_PRODUCT = YES;
			};
			name = Release;
		};
		8282FD8017421C8100973852 /* Debug */ = {
			isa = XCBuildConfiguration;
			buildSettings = {
				CLANG_ANALYZER_SECURITY_FLOATLOOPCOUNTER = YES;
				CLANG_WARN_DEPRECATED_OBJC_IMPLEMENTATIONS = YES;
				CLANG_WARN_OBJC_RECEIVER_WEAK = NO;
				CODE_SIGN_IDENTITY = "iPhone Developer";
				"CODE_SIGN_IDENTITY[sdk=iphoneos*]" = "iPhone Developer";
				GCC_PRECOMPILE_PREFIX_HEADER = YES;
				GCC_PREFIX_HEADER = "Tagesbericht/Tagesbericht-Prefix.pch";
				GCC_TREAT_IMPLICIT_FUNCTION_DECLARATIONS_AS_ERRORS = YES;
				GCC_TREAT_WARNINGS_AS_ERRORS = YES;
				GCC_WARN_64_TO_32_BIT_CONVERSION = YES;
				GCC_WARN_ABOUT_MISSING_FIELD_INITIALIZERS = YES;
				GCC_WARN_ABOUT_MISSING_NEWLINE = YES;
				GCC_WARN_ABOUT_MISSING_PROTOTYPES = YES;
				GCC_WARN_INITIALIZER_NOT_FULLY_BRACKETED = YES;
				GCC_WARN_SHADOW = YES;
				INFOPLIST_FILE = "Tagesbericht/Tagesbericht-Info.plist";
				IPHONEOS_DEPLOYMENT_TARGET = 6.1;
				LIBRARY_SEARCH_PATHS = (
					"$(inherited)",
					"\"$(SRCROOT)/../../GRMustache/lib\"",
					"$(PROJECT_DIR)/Tagesbericht/include",
				);
				OTHER_LDFLAGS = "-ObjC";
				PRODUCT_NAME = "$(TARGET_NAME)";
				PROVISIONING_PROFILE = "";
				TARGETED_DEVICE_FAMILY = "1,2";
				WRAPPER_EXTENSION = app;
			};
			name = Debug;
		};
		8282FD8117421C8100973852 /* Release */ = {
			isa = XCBuildConfiguration;
			buildSettings = {
				CLANG_ANALYZER_SECURITY_FLOATLOOPCOUNTER = YES;
				CLANG_WARN_DEPRECATED_OBJC_IMPLEMENTATIONS = YES;
				CLANG_WARN_OBJC_RECEIVER_WEAK = NO;
				CODE_SIGN_IDENTITY = "iPhone Developer";
				"CODE_SIGN_IDENTITY[sdk=iphoneos*]" = "iPhone Developer";
				GCC_PRECOMPILE_PREFIX_HEADER = YES;
				GCC_PREFIX_HEADER = "Tagesbericht/Tagesbericht-Prefix.pch";
				GCC_TREAT_IMPLICIT_FUNCTION_DECLARATIONS_AS_ERRORS = YES;
				GCC_TREAT_WARNINGS_AS_ERRORS = YES;
				GCC_WARN_64_TO_32_BIT_CONVERSION = YES;
				GCC_WARN_ABOUT_MISSING_FIELD_INITIALIZERS = YES;
				GCC_WARN_ABOUT_MISSING_NEWLINE = YES;
				GCC_WARN_ABOUT_MISSING_PROTOTYPES = YES;
				GCC_WARN_INITIALIZER_NOT_FULLY_BRACKETED = YES;
				GCC_WARN_SHADOW = YES;
				INFOPLIST_FILE = "Tagesbericht/Tagesbericht-Info.plist";
				IPHONEOS_DEPLOYMENT_TARGET = 6.1;
				LIBRARY_SEARCH_PATHS = (
					"$(inherited)",
					"\"$(SRCROOT)/../../GRMustache/lib\"",
					"$(PROJECT_DIR)/Tagesbericht/include",
				);
				OTHER_LDFLAGS = "-ObjC";
				PRODUCT_NAME = "$(TARGET_NAME)";
				PROVISIONING_PROFILE = "";
				TARGETED_DEVICE_FAMILY = "1,2";
				WRAPPER_EXTENSION = app;
			};
			name = Release;
		};
		8282FD8317421C8100973852 /* Debug */ = {
			isa = XCBuildConfiguration;
			buildSettings = {
				BUNDLE_LOADER = "$(BUILT_PRODUCTS_DIR)/Tagesbericht.app/Tagesbericht";
				FRAMEWORK_SEARCH_PATHS = (
					"\"$(SDKROOT)/Developer/Library/Frameworks\"",
					"\"$(DEVELOPER_LIBRARY_DIR)/Frameworks\"",
					"$(inherited)",
				);
				GCC_PRECOMPILE_PREFIX_HEADER = YES;
				GCC_PREFIX_HEADER = "Tagesbericht/Tagesbericht-Prefix.pch";
				INFOPLIST_FILE = "TagesberichtTests/TagesberichtTests-Info.plist";
				PRODUCT_NAME = "$(TARGET_NAME)";
				TEST_HOST = "$(BUNDLE_LOADER)";
			};
			name = Debug;
		};
		8282FD8417421C8100973852 /* Release */ = {
			isa = XCBuildConfiguration;
			buildSettings = {
				BUNDLE_LOADER = "$(BUILT_PRODUCTS_DIR)/Tagesbericht.app/Tagesbericht";
				FRAMEWORK_SEARCH_PATHS = (
					"\"$(SDKROOT)/Developer/Library/Frameworks\"",
					"\"$(DEVELOPER_LIBRARY_DIR)/Frameworks\"",
					"$(inherited)",
				);
				GCC_PRECOMPILE_PREFIX_HEADER = YES;
				GCC_PREFIX_HEADER = "Tagesbericht/Tagesbericht-Prefix.pch";
				INFOPLIST_FILE = "TagesberichtTests/TagesberichtTests-Info.plist";
				PRODUCT_NAME = "$(TARGET_NAME)";
				TEST_HOST = "$(BUNDLE_LOADER)";
			};
			name = Release;
		};
/* End XCBuildConfiguration section */

/* Begin XCConfigurationList section */
		8282FD3917421C8100973852 /* Build configuration list for PBXProject "Tagesbericht" */ = {
			isa = XCConfigurationList;
			buildConfigurations = (
				8282FD7D17421C8100973852 /* Debug */,
				8282FD7E17421C8100973852 /* Release */,
			);
			defaultConfigurationIsVisible = 0;
			defaultConfigurationName = Release;
		};
		8282FD7F17421C8100973852 /* Build configuration list for PBXNativeTarget "Tagesbericht" */ = {
			isa = XCConfigurationList;
			buildConfigurations = (
				8282FD8017421C8100973852 /* Debug */,
				8282FD8117421C8100973852 /* Release */,
			);
			defaultConfigurationIsVisible = 0;
			defaultConfigurationName = Release;
		};
		8282FD8217421C8100973852 /* Build configuration list for PBXNativeTarget "TagesberichtTests" */ = {
			isa = XCConfigurationList;
			buildConfigurations = (
				8282FD8317421C8100973852 /* Debug */,
				8282FD8417421C8100973852 /* Release */,
			);
			defaultConfigurationIsVisible = 0;
			defaultConfigurationName = Release;
		};
/* End XCConfigurationList section */

/* Begin XCVersionGroup section */
		8282FDF317421F3200973852 /* Tagesbericht.xcdatamodeld */ = {
			isa = XCVersionGroup;
			children = (
				8282FDF417421F3200973852 /* Tagesbericht.xcdatamodel */,
			);
			currentVersion = 8282FDF417421F3200973852 /* Tagesbericht.xcdatamodel */;
			path = Tagesbericht.xcdatamodeld;
			sourceTree = "<group>";
			versionGroupType = wrapper.xcdatamodel;
		};
/* End XCVersionGroup section */
	};
	rootObject = 8282FD3617421C8100973852 /* Project object */;
}
